
Microsoft Visual Studio Solution File, Format Version 12.00
# Visual Studio Version 17
VisualStudioVersion = 17.0.32014.148
MinimumVisualStudioVersion = 10.0.40219.1
Project("{9A19103F-16F7-4668-BE54-9A1E7A4F7556}") = "XenoAtom.Collections", "XenoAtom.Collections\XenoAtom.Collections.csproj", "{E84B342B-6C7A-495A-B9AC-026A764DF642}"
EndProject
Project("{9A19103F-16F7-4668-BE54-9A1E7A4F7556}") = "XenoAtom.Collections.Tests", "XenoAtom.Collections.Tests\XenoAtom.Collections.Tests.csproj", "{80B25900-7348-483F-A221-3531E5BBC59E}"
EndProject
Project("{2150E333-8FDC-42A3-9474-1A3956D46DE8}") = "Solution Items", "Solution Items", "{BBC4B16D-083F-47E6-BFAE-9064E600F230}"
	ProjectSection(SolutionItems) = preProject
		..\.editorconfig = ..\.editorconfig
		..\.gitattributes = ..\.gitattributes
		..\.gitignore = ..\.gitignore
		..\.github\workflows\ci.yml = ..\.github\workflows\ci.yml
		dotnet-releaser.toml = dotnet-releaser.toml
		global.json = global.json
		..\license.txt = ..\license.txt
		..\readme.md = ..\readme.md
	EndProjectSection
EndProject
Project("{9A19103F-16F7-4668-BE54-9A1E7A4F7556}") = "XenoAtom.Collections.Bench", "XenoAtom.Collections.Bench\XenoAtom.Collections.Bench.csproj", "{1F0A311B-26C4-4073-B83B-4B8C29DD9ECD}"
EndProject
Global
	GlobalSection(SolutionConfigurationPlatforms) = preSolution
		Debug|Any CPU = Debug|Any CPU
		Release|Any CPU = Release|Any CPU
	EndGlobalSection
	GlobalSection(ProjectConfigurationPlatforms) = postSolution
		{E84B342B-6C7A-495A-B9AC-026A764DF642}.Debug|Any CPU.ActiveCfg = Debug|Any CPU
		{E84B342B-6C7A-495A-B9AC-026A764DF642}.Debug|Any CPU.Build.0 = Debug|Any CPU
		{E84B342B-6C7A-495A-B9AC-026A764DF642}.Release|Any CPU.ActiveCfg = Release|Any CPU
		{E84B342B-6C7A-495A-B9AC-026A764DF642}.Release|Any CPU.Build.0 = Release|Any CPU
		{80B25900-7348-483F-A221-3531E5BBC59E}.Debug|Any CPU.ActiveCfg = Debug|Any CPU
		{80B25900-7348-483F-A221-3531E5BBC59E}.Debug|Any CPU.Build.0 = Debug|Any CPU
		{80B25900-7348-483F-A221-3531E5BBC59E}.Release|Any CPU.ActiveCfg = Release|Any CPU
		{80B25900-7348-483F-A221-3531E5BBC59E}.Release|Any CPU.Build.0 = Release|Any CPU
		{1F0A311B-26C4-4073-B83B-4B8C29DD9ECD}.Debug|Any CPU.ActiveCfg = Debug|Any CPU
		{1F0A311B-26C4-4073-B83B-4B8C29DD9ECD}.Debug|Any CPU.Build.0 = Debug|Any CPU
		{1F0A311B-26C4-4073-B83B-4B8C29DD9ECD}.Release|Any CPU.ActiveCfg = Release|Any CPU
		{1F0A311B-26C4-4073-B83B-4B8C29DD9ECD}.Release|Any CPU.Build.0 = Release|Any CPU
	EndGlobalSection
	GlobalSection(SolutionProperties) = preSolution
		HideSolutionNode = FALSE
	EndGlobalSection
	GlobalSection(ExtensibilityGlobals) = postSolution
		SolutionGuid = {95E8F3B3-49E8-400E-97A1-38D8B946DFCA}
	EndGlobalSection
EndGlobal
